// !$*UTF8*$!
{
	archiveVersion = 1;
	classes = {
	};
	objectVersion = 55;
	objects = {

/* Begin PBXBuildFile section */
		9808D3E629B4B69000CFB19A /* GoogleService-Info.plist in Resources */ = {isa = PBXBuildFile; fileRef = 9808D3E529B4B69000CFB19A /* GoogleService-Info.plist */; };
		9808D3EC29B4BFAC00CFB19A /* Protocols.swift in Sources */ = {isa = PBXBuildFile; fileRef = 9808D3EB29B4BFAC00CFB19A /* Protocols.swift */; };
		9808D3EE29B4C2B900CFB19A /* PhoneNumberViewModel.swift in Sources */ = {isa = PBXBuildFile; fileRef = 9808D3ED29B4C2B900CFB19A /* PhoneNumberViewModel.swift */; };
		9808D3F229B4C3ED00CFB19A /* Model.swift in Sources */ = {isa = PBXBuildFile; fileRef = 9808D3F129B4C3ED00CFB19A /* Model.swift */; };
		9808D3F829B4E32A00CFB19A /* Sample.swift in Sources */ = {isa = PBXBuildFile; fileRef = 9808D3F729B4E32A00CFB19A /* Sample.swift */; };
		9826BA8E291F9E10006206F4 /* RxCocoa in Frameworks */ = {isa = PBXBuildFile; productRef = 9826BA8D291F9E10006206F4 /* RxCocoa */; };
		9826BA90291F9E10006206F4 /* RxRelay in Frameworks */ = {isa = PBXBuildFile; productRef = 9826BA8F291F9E10006206F4 /* RxRelay */; };
		9826BA92291F9E10006206F4 /* RxSwift in Frameworks */ = {isa = PBXBuildFile; productRef = 9826BA91291F9E10006206F4 /* RxSwift */; };
		982E9AF0293208C50074331E /* APIService.swift in Sources */ = {isa = PBXBuildFile; fileRef = 982E9AEF293208C50074331E /* APIService.swift */; };
		982E9AF2293208DB0074331E /* EndPoint.swift in Sources */ = {isa = PBXBuildFile; fileRef = 982E9AF1293208DB0074331E /* EndPoint.swift */; };
		982E9AF429320AE90074331E /* Codable.swift in Sources */ = {isa = PBXBuildFile; fileRef = 982E9AF329320AE90074331E /* Codable.swift */; };
		98410E4529B9B1D1001DECC4 /* CustomTextField.swift in Sources */ = {isa = PBXBuildFile; fileRef = 98410E4429B9B1D1001DECC4 /* CustomTextField.swift */; };
		98471DD529C0460800935C55 /* FirebaseRequest.swift in Sources */ = {isa = PBXBuildFile; fileRef = 98471DD429C0460800935C55 /* FirebaseRequest.swift */; };
		986867D829BF5AC2002424FC /* String+Extension.swift in Sources */ = {isa = PBXBuildFile; fileRef = 986867D729BF5AC2002424FC /* String+Extension.swift */; };
		989EADA029BAFDC000068F1F /* CertificationViewModel.swift in Sources */ = {isa = PBXBuildFile; fileRef = 989EAD9F29BAFDC000068F1F /* CertificationViewModel.swift */; };
		989EADA229BAFDE600068F1F /* NicknameViewModel.swift in Sources */ = {isa = PBXBuildFile; fileRef = 989EADA129BAFDE600068F1F /* NicknameViewModel.swift */; };
		989EADA429BAFDF200068F1F /* EmailViewModel.swift in Sources */ = {isa = PBXBuildFile; fileRef = 989EADA329BAFDF200068F1F /* EmailViewModel.swift */; };
		989EADA629BAFE0000068F1F /* GenderViewModel.swift in Sources */ = {isa = PBXBuildFile; fileRef = 989EADA529BAFE0000068F1F /* GenderViewModel.swift */; };
		989EADA829BAFE0E00068F1F /* BirthViewModel.swift in Sources */ = {isa = PBXBuildFile; fileRef = 989EADA729BAFE0D00068F1F /* BirthViewModel.swift */; };
		98B3C310291C7566004EEB14 /* FirebaseAnalyticsWithoutAdIdSupport in Frameworks */ = {isa = PBXBuildFile; productRef = 98B3C30F291C7566004EEB14 /* FirebaseAnalyticsWithoutAdIdSupport */; };
		98B3C312291C7566004EEB14 /* FirebaseAuth in Frameworks */ = {isa = PBXBuildFile; productRef = 98B3C311291C7566004EEB14 /* FirebaseAuth */; };
		98B3C314291C7566004EEB14 /* FirebaseCrashlytics in Frameworks */ = {isa = PBXBuildFile; productRef = 98B3C313291C7566004EEB14 /* FirebaseCrashlytics */; };
		98B3C316291C7566004EEB14 /* FirebaseMessaging in Frameworks */ = {isa = PBXBuildFile; productRef = 98B3C315291C7566004EEB14 /* FirebaseMessaging */; };
		98B3C324291C8832004EEB14 /* FirstOnboardingViewController.swift in Sources */ = {isa = PBXBuildFile; fileRef = 98B3C323291C8832004EEB14 /* FirstOnboardingViewController.swift */; };
		98B3C329291C8892004EEB14 /* FirstOnboardingView.swift in Sources */ = {isa = PBXBuildFile; fileRef = 98B3C328291C8892004EEB14 /* FirstOnboardingView.swift */; };
		98B3C32C291C88D7004EEB14 /* BaseViewController.swift in Sources */ = {isa = PBXBuildFile; fileRef = 98B3C32B291C88D7004EEB14 /* BaseViewController.swift */; };
		98B3C32E291C88E1004EEB14 /* BaseView.swift in Sources */ = {isa = PBXBuildFile; fileRef = 98B3C32D291C88E1004EEB14 /* BaseView.swift */; };
		98B3C33F291C8BA1004EEB14 /* SnapKit in Frameworks */ = {isa = PBXBuildFile; productRef = 98B3C33E291C8BA1004EEB14 /* SnapKit */; };
		98B3C342291C8BD4004EEB14 /* Alamofire in Frameworks */ = {isa = PBXBuildFile; productRef = 98B3C341291C8BD4004EEB14 /* Alamofire */; };
		98B3C345291C8C06004EEB14 /* Toast in Frameworks */ = {isa = PBXBuildFile; productRef = 98B3C344291C8C06004EEB14 /* Toast */; };
		98B3C347291CCE3E004EEB14 /* IntroPageViewController.swift in Sources */ = {isa = PBXBuildFile; fileRef = 98B3C346291CCE3E004EEB14 /* IntroPageViewController.swift */; };
		98B3C349291D0B78004EEB14 /* IntroPageView.swift in Sources */ = {isa = PBXBuildFile; fileRef = 98B3C348291D0B78004EEB14 /* IntroPageView.swift */; };
		98B3C34B291D0F10004EEB14 /* SecondOnboardingViewController.swift in Sources */ = {isa = PBXBuildFile; fileRef = 98B3C34A291D0F10004EEB14 /* SecondOnboardingViewController.swift */; };
		98B3C34D291D0F26004EEB14 /* ThirdOnboardingViewController.swift in Sources */ = {isa = PBXBuildFile; fileRef = 98B3C34C291D0F26004EEB14 /* ThirdOnboardingViewController.swift */; };
		98B3C34F291D0F38004EEB14 /* ThirdOnboardingView.swift in Sources */ = {isa = PBXBuildFile; fileRef = 98B3C34E291D0F38004EEB14 /* ThirdOnboardingView.swift */; };
		98B3C351291D0F43004EEB14 /* SecondOnboardingView.swift in Sources */ = {isa = PBXBuildFile; fileRef = 98B3C350291D0F43004EEB14 /* SecondOnboardingView.swift */; };
		98B3C353291D2955004EEB14 /* MainOnboardingViewController.swift in Sources */ = {isa = PBXBuildFile; fileRef = 98B3C352291D2955004EEB14 /* MainOnboardingViewController.swift */; };
		98B3C355291D2964004EEB14 /* MainOnboardingView.swift in Sources */ = {isa = PBXBuildFile; fileRef = 98B3C354291D2964004EEB14 /* MainOnboardingView.swift */; };
		98B9DF80291BEC2D00FE62EA /* AppDelegate.swift in Sources */ = {isa = PBXBuildFile; fileRef = 98B9DF7F291BEC2D00FE62EA /* AppDelegate.swift */; };
		98B9DF82291BEC2D00FE62EA /* SceneDelegate.swift in Sources */ = {isa = PBXBuildFile; fileRef = 98B9DF81291BEC2D00FE62EA /* SceneDelegate.swift */; };
		98B9DF84291BEC2D00FE62EA /* ViewController.swift in Sources */ = {isa = PBXBuildFile; fileRef = 98B9DF83291BEC2D00FE62EA /* ViewController.swift */; };
		98B9DF87291BEC2D00FE62EA /* Main.storyboard in Resources */ = {isa = PBXBuildFile; fileRef = 98B9DF85291BEC2D00FE62EA /* Main.storyboard */; };
		98B9DF89291BEC2E00FE62EA /* Assets.xcassets in Resources */ = {isa = PBXBuildFile; fileRef = 98B9DF88291BEC2E00FE62EA /* Assets.xcassets */; };
		98B9DF8C291BEC2E00FE62EA /* LaunchScreen.storyboard in Resources */ = {isa = PBXBuildFile; fileRef = 98B9DF8A291BEC2E00FE62EA /* LaunchScreen.storyboard */; };
		98B9DF99291BEF3C00FE62EA /* .gitignore in Resources */ = {isa = PBXBuildFile; fileRef = 98B9DF98291BEF3C00FE62EA /* .gitignore */; };
		98BD2DF629C19DE000503DE5 /* Methods.swift in Sources */ = {isa = PBXBuildFile; fileRef = 98BD2DF529C19DE000503DE5 /* Methods.swift */; };
		98BD2DF929C1B03400503DE5 /* UserDefaultsHelper.swift in Sources */ = {isa = PBXBuildFile; fileRef = 98BD2DF829C1B03400503DE5 /* UserDefaultsHelper.swift */; };
		98C2E7882925BAFA003D43AF /* NicknameView.swift in Sources */ = {isa = PBXBuildFile; fileRef = 98C2E7872925BAFA003D43AF /* NicknameView.swift */; };
		98C2E78A2925BB05003D43AF /* NicknameViewController.swift in Sources */ = {isa = PBXBuildFile; fileRef = 98C2E7892925BB05003D43AF /* NicknameViewController.swift */; };
		98C2E78C2925BDE8003D43AF /* BirthView.swift in Sources */ = {isa = PBXBuildFile; fileRef = 98C2E78B2925BDE8003D43AF /* BirthView.swift */; };
		98C2E78E2925BDF2003D43AF /* BirthViewController.swift in Sources */ = {isa = PBXBuildFile; fileRef = 98C2E78D2925BDF2003D43AF /* BirthViewController.swift */; };
		98C2E7902925BDFE003D43AF /* EmailView.swift in Sources */ = {isa = PBXBuildFile; fileRef = 98C2E78F2925BDFE003D43AF /* EmailView.swift */; };
		98C2E7922925BE07003D43AF /* EmailViewController.swift in Sources */ = {isa = PBXBuildFile; fileRef = 98C2E7912925BE07003D43AF /* EmailViewController.swift */; };
		98C2E7942925BE11003D43AF /* GenderView.swift in Sources */ = {isa = PBXBuildFile; fileRef = 98C2E7932925BE11003D43AF /* GenderView.swift */; };
		98C2E7962925BE1B003D43AF /* GenderViewController.swift in Sources */ = {isa = PBXBuildFile; fileRef = 98C2E7952925BE1B003D43AF /* GenderViewController.swift */; };
		98C2E7982925C084003D43AF /* SignUpSubLabel.swift in Sources */ = {isa = PBXBuildFile; fileRef = 98C2E7972925C084003D43AF /* SignUpSubLabel.swift */; };
		98C2E79A2925C11A003D43AF /* UILabel+Extension.swift in Sources */ = {isa = PBXBuildFile; fileRef = 98C2E7992925C11A003D43AF /* UILabel+Extension.swift */; };
		98CC093029B9A50A00CCD24F /* SLPViewController.swift in Sources */ = {isa = PBXBuildFile; fileRef = 98CC092F29B9A50A00CCD24F /* SLPViewController.swift */; };
		98CC093329B9A6D300CCD24F /* Enum.swift in Sources */ = {isa = PBXBuildFile; fileRef = 98CC093229B9A6D300CCD24F /* Enum.swift */; };
		98DD413129BC8ED500D7D78A /* PhoneNumberViewController.swift in Sources */ = {isa = PBXBuildFile; fileRef = 98DD413029BC8ED500D7D78A /* PhoneNumberViewController.swift */; };
		98DD413329BC8EDF00D7D78A /* CertificationViewController.swift in Sources */ = {isa = PBXBuildFile; fileRef = 98DD413229BC8EDF00D7D78A /* CertificationViewController.swift */; };
		98DD413629BC8F6300D7D78A /* PhoneNumberView.swift in Sources */ = {isa = PBXBuildFile; fileRef = 98DD413529BC8F6300D7D78A /* PhoneNumberView.swift */; };
		98DD413829BC8F6B00D7D78A /* CertificationView.swift in Sources */ = {isa = PBXBuildFile; fileRef = 98DD413729BC8F6B00D7D78A /* CertificationView.swift */; };
		98F696FD291DD39100577FCE /* OnboardingLabel.swift in Sources */ = {isa = PBXBuildFile; fileRef = 98F696FC291DD39100577FCE /* OnboardingLabel.swift */; };
		98F696FF291DDEC500577FCE /* SignUpLabel.swift in Sources */ = {isa = PBXBuildFile; fileRef = 98F696FE291DDEC500577FCE /* SignUpLabel.swift */; };
		98F69703291E339C00577FCE /* UIButton+Extension.swift in Sources */ = {isa = PBXBuildFile; fileRef = 98F69702291E339C00577FCE /* UIButton+Extension.swift */; };
		98F69705291E718400577FCE /* LargeButton.swift in Sources */ = {isa = PBXBuildFile; fileRef = 98F69704291E718400577FCE /* LargeButton.swift */; };
		98F69707291E732100577FCE /* UITextField+Extension.swift in Sources */ = {isa = PBXBuildFile; fileRef = 98F69706291E732100577FCE /* UITextField+Extension.swift */; };
/* End PBXBuildFile section */

/* Begin PBXCopyFilesBuildPhase section */
		98F235A8291F9C270028CA63 /* Embed Frameworks */ = {
			isa = PBXCopyFilesBuildPhase;
			buildActionMask = 2147483647;
			dstPath = "";
			dstSubfolderSpec = 10;
			files = (
			);
			name = "Embed Frameworks";
			runOnlyForDeploymentPostprocessing = 0;
		};
/* End PBXCopyFilesBuildPhase section */

/* Begin PBXFileReference section */
		9808D3E529B4B69000CFB19A /* GoogleService-Info.plist */ = {isa = PBXFileReference; fileEncoding = 4; lastKnownFileType = text.plist.xml; path = "GoogleService-Info.plist"; sourceTree = "<group>"; };
		9808D3EB29B4BFAC00CFB19A /* Protocols.swift */ = {isa = PBXFileReference; lastKnownFileType = sourcecode.swift; path = Protocols.swift; sourceTree = "<group>"; };
		9808D3ED29B4C2B900CFB19A /* PhoneNumberViewModel.swift */ = {isa = PBXFileReference; lastKnownFileType = sourcecode.swift; path = PhoneNumberViewModel.swift; sourceTree = "<group>"; };
		9808D3F129B4C3ED00CFB19A /* Model.swift */ = {isa = PBXFileReference; lastKnownFileType = sourcecode.swift; path = Model.swift; sourceTree = "<group>"; };
		9808D3F729B4E32A00CFB19A /* Sample.swift */ = {isa = PBXFileReference; lastKnownFileType = sourcecode.swift; path = Sample.swift; sourceTree = "<group>"; };
		982E9AEF293208C50074331E /* APIService.swift */ = {isa = PBXFileReference; lastKnownFileType = sourcecode.swift; path = APIService.swift; sourceTree = "<group>"; };
		982E9AF1293208DB0074331E /* EndPoint.swift */ = {isa = PBXFileReference; lastKnownFileType = sourcecode.swift; path = EndPoint.swift; sourceTree = "<group>"; };
		982E9AF329320AE90074331E /* Codable.swift */ = {isa = PBXFileReference; lastKnownFileType = sourcecode.swift; path = Codable.swift; sourceTree = "<group>"; };
		98410E4429B9B1D1001DECC4 /* CustomTextField.swift */ = {isa = PBXFileReference; lastKnownFileType = sourcecode.swift; path = CustomTextField.swift; sourceTree = "<group>"; };
		98471DD429C0460800935C55 /* FirebaseRequest.swift */ = {isa = PBXFileReference; lastKnownFileType = sourcecode.swift; path = FirebaseRequest.swift; sourceTree = "<group>"; };
		986867D729BF5AC2002424FC /* String+Extension.swift */ = {isa = PBXFileReference; lastKnownFileType = sourcecode.swift; path = "String+Extension.swift"; sourceTree = "<group>"; };
		989EAD9F29BAFDC000068F1F /* CertificationViewModel.swift */ = {isa = PBXFileReference; lastKnownFileType = sourcecode.swift; path = CertificationViewModel.swift; sourceTree = "<group>"; };
		989EADA129BAFDE600068F1F /* NicknameViewModel.swift */ = {isa = PBXFileReference; lastKnownFileType = sourcecode.swift; path = NicknameViewModel.swift; sourceTree = "<group>"; };
		989EADA329BAFDF200068F1F /* EmailViewModel.swift */ = {isa = PBXFileReference; lastKnownFileType = sourcecode.swift; path = EmailViewModel.swift; sourceTree = "<group>"; };
		989EADA529BAFE0000068F1F /* GenderViewModel.swift */ = {isa = PBXFileReference; lastKnownFileType = sourcecode.swift; path = GenderViewModel.swift; sourceTree = "<group>"; };
		989EADA729BAFE0D00068F1F /* BirthViewModel.swift */ = {isa = PBXFileReference; lastKnownFileType = sourcecode.swift; path = BirthViewModel.swift; sourceTree = "<group>"; };
		98B3C317291C7667004EEB14 /* SLP_Study Mates Finder.entitlements */ = {isa = PBXFileReference; lastKnownFileType = text.plist.entitlements; path = "SLP_Study Mates Finder.entitlements"; sourceTree = "<group>"; };
		98B3C323291C8832004EEB14 /* FirstOnboardingViewController.swift */ = {isa = PBXFileReference; lastKnownFileType = sourcecode.swift; path = FirstOnboardingViewController.swift; sourceTree = "<group>"; };
		98B3C328291C8892004EEB14 /* FirstOnboardingView.swift */ = {isa = PBXFileReference; lastKnownFileType = sourcecode.swift; path = FirstOnboardingView.swift; sourceTree = "<group>"; };
		98B3C32B291C88D7004EEB14 /* BaseViewController.swift */ = {isa = PBXFileReference; lastKnownFileType = sourcecode.swift; path = BaseViewController.swift; sourceTree = "<group>"; };
		98B3C32D291C88E1004EEB14 /* BaseView.swift */ = {isa = PBXFileReference; lastKnownFileType = sourcecode.swift; path = BaseView.swift; sourceTree = "<group>"; };
		98B3C346291CCE3E004EEB14 /* IntroPageViewController.swift */ = {isa = PBXFileReference; lastKnownFileType = sourcecode.swift; path = IntroPageViewController.swift; sourceTree = "<group>"; };
		98B3C348291D0B78004EEB14 /* IntroPageView.swift */ = {isa = PBXFileReference; lastKnownFileType = sourcecode.swift; path = IntroPageView.swift; sourceTree = "<group>"; };
		98B3C34A291D0F10004EEB14 /* SecondOnboardingViewController.swift */ = {isa = PBXFileReference; lastKnownFileType = sourcecode.swift; path = SecondOnboardingViewController.swift; sourceTree = "<group>"; };
		98B3C34C291D0F26004EEB14 /* ThirdOnboardingViewController.swift */ = {isa = PBXFileReference; lastKnownFileType = sourcecode.swift; path = ThirdOnboardingViewController.swift; sourceTree = "<group>"; };
		98B3C34E291D0F38004EEB14 /* ThirdOnboardingView.swift */ = {isa = PBXFileReference; lastKnownFileType = sourcecode.swift; path = ThirdOnboardingView.swift; sourceTree = "<group>"; };
		98B3C350291D0F43004EEB14 /* SecondOnboardingView.swift */ = {isa = PBXFileReference; lastKnownFileType = sourcecode.swift; path = SecondOnboardingView.swift; sourceTree = "<group>"; };
		98B3C352291D2955004EEB14 /* MainOnboardingViewController.swift */ = {isa = PBXFileReference; lastKnownFileType = sourcecode.swift; path = MainOnboardingViewController.swift; sourceTree = "<group>"; };
		98B3C354291D2964004EEB14 /* MainOnboardingView.swift */ = {isa = PBXFileReference; lastKnownFileType = sourcecode.swift; path = MainOnboardingView.swift; sourceTree = "<group>"; };
		98B9DF7C291BEC2D00FE62EA /* SLP_Study Mates Finder.app */ = {isa = PBXFileReference; explicitFileType = wrapper.application; includeInIndex = 0; path = "SLP_Study Mates Finder.app"; sourceTree = BUILT_PRODUCTS_DIR; };
		98B9DF7F291BEC2D00FE62EA /* AppDelegate.swift */ = {isa = PBXFileReference; lastKnownFileType = sourcecode.swift; path = AppDelegate.swift; sourceTree = "<group>"; };
		98B9DF81291BEC2D00FE62EA /* SceneDelegate.swift */ = {isa = PBXFileReference; lastKnownFileType = sourcecode.swift; path = SceneDelegate.swift; sourceTree = "<group>"; };
		98B9DF83291BEC2D00FE62EA /* ViewController.swift */ = {isa = PBXFileReference; lastKnownFileType = sourcecode.swift; path = ViewController.swift; sourceTree = "<group>"; };
		98B9DF86291BEC2D00FE62EA /* Base */ = {isa = PBXFileReference; lastKnownFileType = file.storyboard; name = Base; path = Base.lproj/Main.storyboard; sourceTree = "<group>"; };
		98B9DF88291BEC2E00FE62EA /* Assets.xcassets */ = {isa = PBXFileReference; lastKnownFileType = folder.assetcatalog; path = Assets.xcassets; sourceTree = "<group>"; };
		98B9DF8B291BEC2E00FE62EA /* Base */ = {isa = PBXFileReference; lastKnownFileType = file.storyboard; name = Base; path = Base.lproj/LaunchScreen.storyboard; sourceTree = "<group>"; };
		98B9DF8D291BEC2E00FE62EA /* Info.plist */ = {isa = PBXFileReference; lastKnownFileType = text.plist.xml; path = Info.plist; sourceTree = "<group>"; };
		98B9DF98291BEF3C00FE62EA /* .gitignore */ = {isa = PBXFileReference; lastKnownFileType = text; path = .gitignore; sourceTree = "<group>"; };
		98BD2DF529C19DE000503DE5 /* Methods.swift */ = {isa = PBXFileReference; lastKnownFileType = sourcecode.swift; path = Methods.swift; sourceTree = "<group>"; };
		98BD2DF829C1B03400503DE5 /* UserDefaultsHelper.swift */ = {isa = PBXFileReference; lastKnownFileType = sourcecode.swift; path = UserDefaultsHelper.swift; sourceTree = "<group>"; };
		98C2E7872925BAFA003D43AF /* NicknameView.swift */ = {isa = PBXFileReference; lastKnownFileType = sourcecode.swift; path = NicknameView.swift; sourceTree = "<group>"; };
		98C2E7892925BB05003D43AF /* NicknameViewController.swift */ = {isa = PBXFileReference; lastKnownFileType = sourcecode.swift; path = NicknameViewController.swift; sourceTree = "<group>"; };
		98C2E78B2925BDE8003D43AF /* BirthView.swift */ = {isa = PBXFileReference; lastKnownFileType = sourcecode.swift; path = BirthView.swift; sourceTree = "<group>"; };
		98C2E78D2925BDF2003D43AF /* BirthViewController.swift */ = {isa = PBXFileReference; lastKnownFileType = sourcecode.swift; path = BirthViewController.swift; sourceTree = "<group>"; };
		98C2E78F2925BDFE003D43AF /* EmailView.swift */ = {isa = PBXFileReference; lastKnownFileType = sourcecode.swift; path = EmailView.swift; sourceTree = "<group>"; };
		98C2E7912925BE07003D43AF /* EmailViewController.swift */ = {isa = PBXFileReference; lastKnownFileType = sourcecode.swift; path = EmailViewController.swift; sourceTree = "<group>"; };
		98C2E7932925BE11003D43AF /* GenderView.swift */ = {isa = PBXFileReference; lastKnownFileType = sourcecode.swift; path = GenderView.swift; sourceTree = "<group>"; };
		98C2E7952925BE1B003D43AF /* GenderViewController.swift */ = {isa = PBXFileReference; lastKnownFileType = sourcecode.swift; path = GenderViewController.swift; sourceTree = "<group>"; };
		98C2E7972925C084003D43AF /* SignUpSubLabel.swift */ = {isa = PBXFileReference; lastKnownFileType = sourcecode.swift; path = SignUpSubLabel.swift; sourceTree = "<group>"; };
		98C2E7992925C11A003D43AF /* UILabel+Extension.swift */ = {isa = PBXFileReference; lastKnownFileType = sourcecode.swift; path = "UILabel+Extension.swift"; sourceTree = "<group>"; };
		98CC092F29B9A50A00CCD24F /* SLPViewController.swift */ = {isa = PBXFileReference; lastKnownFileType = sourcecode.swift; path = SLPViewController.swift; sourceTree = "<group>"; };
		98CC093229B9A6D300CCD24F /* Enum.swift */ = {isa = PBXFileReference; lastKnownFileType = sourcecode.swift; path = Enum.swift; sourceTree = "<group>"; };
		98DD413029BC8ED500D7D78A /* PhoneNumberViewController.swift */ = {isa = PBXFileReference; lastKnownFileType = sourcecode.swift; path = PhoneNumberViewController.swift; sourceTree = "<group>"; };
		98DD413229BC8EDF00D7D78A /* CertificationViewController.swift */ = {isa = PBXFileReference; lastKnownFileType = sourcecode.swift; path = CertificationViewController.swift; sourceTree = "<group>"; };
		98DD413529BC8F6300D7D78A /* PhoneNumberView.swift */ = {isa = PBXFileReference; lastKnownFileType = sourcecode.swift; path = PhoneNumberView.swift; sourceTree = "<group>"; };
		98DD413729BC8F6B00D7D78A /* CertificationView.swift */ = {isa = PBXFileReference; lastKnownFileType = sourcecode.swift; path = CertificationView.swift; sourceTree = "<group>"; };
		98F696FC291DD39100577FCE /* OnboardingLabel.swift */ = {isa = PBXFileReference; lastKnownFileType = sourcecode.swift; path = OnboardingLabel.swift; sourceTree = "<group>"; };
		98F696FE291DDEC500577FCE /* SignUpLabel.swift */ = {isa = PBXFileReference; lastKnownFileType = sourcecode.swift; path = SignUpLabel.swift; sourceTree = "<group>"; };
		98F69702291E339C00577FCE /* UIButton+Extension.swift */ = {isa = PBXFileReference; lastKnownFileType = sourcecode.swift; path = "UIButton+Extension.swift"; sourceTree = "<group>"; };
		98F69704291E718400577FCE /* LargeButton.swift */ = {isa = PBXFileReference; lastKnownFileType = sourcecode.swift; path = LargeButton.swift; sourceTree = "<group>"; };
		98F69706291E732100577FCE /* UITextField+Extension.swift */ = {isa = PBXFileReference; lastKnownFileType = sourcecode.swift; path = "UITextField+Extension.swift"; sourceTree = "<group>"; };
/* End PBXFileReference section */

/* Begin PBXFrameworksBuildPhase section */
		98B9DF79291BEC2D00FE62EA /* Frameworks */ = {
			isa = PBXFrameworksBuildPhase;
			buildActionMask = 2147483647;
			files = (
				9826BA90291F9E10006206F4 /* RxRelay in Frameworks */,
				98B3C345291C8C06004EEB14 /* Toast in Frameworks */,
				9826BA92291F9E10006206F4 /* RxSwift in Frameworks */,
				98B3C316291C7566004EEB14 /* FirebaseMessaging in Frameworks */,
				98B3C314291C7566004EEB14 /* FirebaseCrashlytics in Frameworks */,
				98B3C310291C7566004EEB14 /* FirebaseAnalyticsWithoutAdIdSupport in Frameworks */,
				98B3C342291C8BD4004EEB14 /* Alamofire in Frameworks */,
				98B3C312291C7566004EEB14 /* FirebaseAuth in Frameworks */,
				9826BA8E291F9E10006206F4 /* RxCocoa in Frameworks */,
				98B3C33F291C8BA1004EEB14 /* SnapKit in Frameworks */,
			);
			runOnlyForDeploymentPostprocessing = 0;
		};
/* End PBXFrameworksBuildPhase section */

/* Begin PBXGroup section */
		9808D3E729B4B8B800CFB19A /* ViewModel */ = {
			isa = PBXGroup;
			children = (
				9808D3ED29B4C2B900CFB19A /* PhoneNumberViewModel.swift */,
				989EAD9F29BAFDC000068F1F /* CertificationViewModel.swift */,
				989EADA129BAFDE600068F1F /* NicknameViewModel.swift */,
				989EADA729BAFE0D00068F1F /* BirthViewModel.swift */,
				989EADA329BAFDF200068F1F /* EmailViewModel.swift */,
				989EADA529BAFE0000068F1F /* GenderViewModel.swift */,
			);
			path = ViewModel;
			sourceTree = "<group>";
		};
		9808D3E829B4B8C100CFB19A /* View */ = {
			isa = PBXGroup;
			children = (
				98CC092F29B9A50A00CCD24F /* SLPViewController.swift */,
				98DD413529BC8F6300D7D78A /* PhoneNumberView.swift */,
				98DD413729BC8F6B00D7D78A /* CertificationView.swift */,
				98C2E7872925BAFA003D43AF /* NicknameView.swift */,
				98C2E78B2925BDE8003D43AF /* BirthView.swift */,
				98C2E78F2925BDFE003D43AF /* EmailView.swift */,
				98C2E7932925BE11003D43AF /* GenderView.swift */,
			);
			path = View;
			sourceTree = "<group>";
		};
		9808D3E929B4B8C900CFB19A /* Model */ = {
			isa = PBXGroup;
			children = (
				9808D3F129B4C3ED00CFB19A /* Model.swift */,
			);
			path = Model;
			sourceTree = "<group>";
		};
		9808D3EA29B4BF9F00CFB19A /* Protocols */ = {
			isa = PBXGroup;
			children = (
				9808D3F729B4E32A00CFB19A /* Sample.swift */,
				9808D3EB29B4BFAC00CFB19A /* Protocols.swift */,
			);
			path = Protocols;
			sourceTree = "<group>";
		};
		982E9AEE293208A90074331E /* Network */ = {
			isa = PBXGroup;
			children = (
				982E9AEF293208C50074331E /* APIService.swift */,
				982E9AF1293208DB0074331E /* EndPoint.swift */,
				982E9AF329320AE90074331E /* Codable.swift */,
				98471DD429C0460800935C55 /* FirebaseRequest.swift */,
			);
			path = Network;
			sourceTree = "<group>";
		};
		98B3C318291C86FE004EEB14 /* Onboarding */ = {
			isa = PBXGroup;
			children = (
				98B3C346291CCE3E004EEB14 /* IntroPageViewController.swift */,
				98B3C348291D0B78004EEB14 /* IntroPageView.swift */,
				98B3C352291D2955004EEB14 /* MainOnboardingViewController.swift */,
				98B3C354291D2964004EEB14 /* MainOnboardingView.swift */,
				98B3C323291C8832004EEB14 /* FirstOnboardingViewController.swift */,
				98B3C328291C8892004EEB14 /* FirstOnboardingView.swift */,
				98B3C34A291D0F10004EEB14 /* SecondOnboardingViewController.swift */,
				98B3C350291D0F43004EEB14 /* SecondOnboardingView.swift */,
				98B3C34C291D0F26004EEB14 /* ThirdOnboardingViewController.swift */,
				98B3C34E291D0F38004EEB14 /* ThirdOnboardingView.swift */,
			);
			path = Onboarding;
			sourceTree = "<group>";
		};
		98B3C32A291C88C0004EEB14 /* BaseView */ = {
			isa = PBXGroup;
			children = (
				98B3C32B291C88D7004EEB14 /* BaseViewController.swift */,
				98B3C32D291C88E1004EEB14 /* BaseView.swift */,
			);
			path = BaseView;
			sourceTree = "<group>";
		};
		98B9DF73291BEC2D00FE62EA = {
			isa = PBXGroup;
			children = (
				98B9DF98291BEF3C00FE62EA /* .gitignore */,
				98B9DF7E291BEC2D00FE62EA /* SLP_Study Mates Finder */,
				98B9DF7D291BEC2D00FE62EA /* Products */,
				98F235A4291F9C200028CA63 /* Frameworks */,
			);
			sourceTree = "<group>";
		};
		98B9DF7D291BEC2D00FE62EA /* Products */ = {
			isa = PBXGroup;
			children = (
				98B9DF7C291BEC2D00FE62EA /* SLP_Study Mates Finder.app */,
			);
			name = Products;
			sourceTree = "<group>";
		};
		98B9DF7E291BEC2D00FE62EA /* SLP_Study Mates Finder */ = {
			isa = PBXGroup;
			children = (
				98B3C317291C7667004EEB14 /* SLP_Study Mates Finder.entitlements */,
				98B9DF9A291BEF5200FE62EA /* Confidential Files */,
				98BD2DF729C1B01500503DE5 /* UserDefaults */,
				98BD2DF429C19D9600503DE5 /* Methods */,
				98DD413929BCC58200D7D78A /* Defaults */,
				98CC093129B9A6C400CCD24F /* Enum */,
				9808D3EA29B4BF9F00CFB19A /* Protocols */,
				98F69701291E339100577FCE /* Extensions */,
				982E9AEE293208A90074331E /* Network */,
				98F696FB291DD2B100577FCE /* CustomView */,
				98B3C318291C86FE004EEB14 /* Onboarding */,
				98B3C32A291C88C0004EEB14 /* BaseView */,
				98DD413429BC8F1D00D7D78A /* ViewController */,
				9808D3E929B4B8C900CFB19A /* Model */,
				9808D3E829B4B8C100CFB19A /* View */,
				9808D3E729B4B8B800CFB19A /* ViewModel */,
			);
			path = "SLP_Study Mates Finder";
			sourceTree = "<group>";
		};
		98B9DF9A291BEF5200FE62EA /* Confidential Files */ = {
			isa = PBXGroup;
			children = (
				9808D3E529B4B69000CFB19A /* GoogleService-Info.plist */,
			);
			path = "Confidential Files";
			sourceTree = "<group>";
		};
		98BD2DF429C19D9600503DE5 /* Methods */ = {
			isa = PBXGroup;
			children = (
				98BD2DF529C19DE000503DE5 /* Methods.swift */,
			);
			path = Methods;
			sourceTree = "<group>";
		};
		98BD2DF729C1B01500503DE5 /* UserDefaults */ = {
			isa = PBXGroup;
			children = (
				98BD2DF829C1B03400503DE5 /* UserDefaultsHelper.swift */,
			);
			path = UserDefaults;
			sourceTree = "<group>";
		};
		98CC093129B9A6C400CCD24F /* Enum */ = {
			isa = PBXGroup;
			children = (
				98CC093229B9A6D300CCD24F /* Enum.swift */,
			);
			path = Enum;
			sourceTree = "<group>";
		};
		98DD413429BC8F1D00D7D78A /* ViewController */ = {
			isa = PBXGroup;
			children = (
				98DD413029BC8ED500D7D78A /* PhoneNumberViewController.swift */,
				98DD413229BC8EDF00D7D78A /* CertificationViewController.swift */,
				98C2E7892925BB05003D43AF /* NicknameViewController.swift */,
				98C2E78D2925BDF2003D43AF /* BirthViewController.swift */,
				98C2E7912925BE07003D43AF /* EmailViewController.swift */,
				98C2E7952925BE1B003D43AF /* GenderViewController.swift */,
			);
			path = ViewController;
			sourceTree = "<group>";
		};
		98DD413929BCC58200D7D78A /* Defaults */ = {
			isa = PBXGroup;
			children = (
				98B9DF7F291BEC2D00FE62EA /* AppDelegate.swift */,
				98B9DF81291BEC2D00FE62EA /* SceneDelegate.swift */,
				98B9DF83291BEC2D00FE62EA /* ViewController.swift */,
				98B9DF85291BEC2D00FE62EA /* Main.storyboard */,
				98B9DF88291BEC2E00FE62EA /* Assets.xcassets */,
				98B9DF8A291BEC2E00FE62EA /* LaunchScreen.storyboard */,
				98B9DF8D291BEC2E00FE62EA /* Info.plist */,
			);
			path = Defaults;
			sourceTree = "<group>";
		};
		98F235A4291F9C200028CA63 /* Frameworks */ = {
			isa = PBXGroup;
			children = (
			);
			name = Frameworks;
			sourceTree = "<group>";
		};
		98F696FB291DD2B100577FCE /* CustomView */ = {
			isa = PBXGroup;
			children = (
				98F696FC291DD39100577FCE /* OnboardingLabel.swift */,
				98F696FE291DDEC500577FCE /* SignUpLabel.swift */,
				98F69704291E718400577FCE /* LargeButton.swift */,
				98C2E7972925C084003D43AF /* SignUpSubLabel.swift */,
				98410E4429B9B1D1001DECC4 /* CustomTextField.swift */,
			);
			path = CustomView;
			sourceTree = "<group>";
		};
		98F69701291E339100577FCE /* Extensions */ = {
			isa = PBXGroup;
			children = (
				98F69702291E339C00577FCE /* UIButton+Extension.swift */,
				98F69706291E732100577FCE /* UITextField+Extension.swift */,
				98C2E7992925C11A003D43AF /* UILabel+Extension.swift */,
				986867D729BF5AC2002424FC /* String+Extension.swift */,
			);
			path = Extensions;
			sourceTree = "<group>";
		};
/* End PBXGroup section */

/* Begin PBXNativeTarget section */
		98B9DF7B291BEC2D00FE62EA /* SLP_Study Mates Finder */ = {
			isa = PBXNativeTarget;
			buildConfigurationList = 98B9DF90291BEC2E00FE62EA /* Build configuration list for PBXNativeTarget "SLP_Study Mates Finder" */;
			buildPhases = (
				98B9DF78291BEC2D00FE62EA /* Sources */,
				98B9DF79291BEC2D00FE62EA /* Frameworks */,
				98B9DF7A291BEC2D00FE62EA /* Resources */,
				98F235A8291F9C270028CA63 /* Embed Frameworks */,
			);
			buildRules = (
			);
			dependencies = (
			);
			name = "SLP_Study Mates Finder";
			packageProductDependencies = (
				98B3C30F291C7566004EEB14 /* FirebaseAnalyticsWithoutAdIdSupport */,
				98B3C311291C7566004EEB14 /* FirebaseAuth */,
				98B3C313291C7566004EEB14 /* FirebaseCrashlytics */,
				98B3C315291C7566004EEB14 /* FirebaseMessaging */,
				98B3C33E291C8BA1004EEB14 /* SnapKit */,
				98B3C341291C8BD4004EEB14 /* Alamofire */,
				98B3C344291C8C06004EEB14 /* Toast */,
				9826BA8D291F9E10006206F4 /* RxCocoa */,
				9826BA8F291F9E10006206F4 /* RxRelay */,
				9826BA91291F9E10006206F4 /* RxSwift */,
			);
			productName = "SLP_Study Mates Finder";
			productReference = 98B9DF7C291BEC2D00FE62EA /* SLP_Study Mates Finder.app */;
			productType = "com.apple.product-type.application";
		};
/* End PBXNativeTarget section */

/* Begin PBXProject section */
		98B9DF74291BEC2D00FE62EA /* Project object */ = {
			isa = PBXProject;
			attributes = {
				BuildIndependentTargetsInParallel = 1;
				LastSwiftUpdateCheck = 1340;
				LastUpgradeCheck = 1340;
				TargetAttributes = {
					98B9DF7B291BEC2D00FE62EA = {
						CreatedOnToolsVersion = 13.4.1;
					};
				};
			};
			buildConfigurationList = 98B9DF77291BEC2D00FE62EA /* Build configuration list for PBXProject "SLP_Study Mates Finder" */;
			compatibilityVersion = "Xcode 13.0";
			developmentRegion = en;
			hasScannedForEncodings = 0;
			knownRegions = (
				en,
				Base,
			);
			mainGroup = 98B9DF73291BEC2D00FE62EA;
			packageReferences = (
				98B3C30E291C7566004EEB14 /* XCRemoteSwiftPackageReference "firebase-ios-sdk" */,
				98B3C33D291C8BA1004EEB14 /* XCRemoteSwiftPackageReference "SnapKit" */,
				98B3C340291C8BD4004EEB14 /* XCRemoteSwiftPackageReference "Alamofire" */,
				98B3C343291C8C06004EEB14 /* XCRemoteSwiftPackageReference "Toast-Swift" */,
				9826BA8C291F9E0F006206F4 /* XCRemoteSwiftPackageReference "RxSwift" */,
			);
			productRefGroup = 98B9DF7D291BEC2D00FE62EA /* Products */;
			projectDirPath = "";
			projectRoot = "";
			targets = (
				98B9DF7B291BEC2D00FE62EA /* SLP_Study Mates Finder */,
			);
		};
/* End PBXProject section */

/* Begin PBXResourcesBuildPhase section */
		98B9DF7A291BEC2D00FE62EA /* Resources */ = {
			isa = PBXResourcesBuildPhase;
			buildActionMask = 2147483647;
			files = (
				98B9DF99291BEF3C00FE62EA /* .gitignore in Resources */,
				98B9DF8C291BEC2E00FE62EA /* LaunchScreen.storyboard in Resources */,
				9808D3E629B4B69000CFB19A /* GoogleService-Info.plist in Resources */,
				98B9DF89291BEC2E00FE62EA /* Assets.xcassets in Resources */,
				98B9DF87291BEC2D00FE62EA /* Main.storyboard in Resources */,
			);
			runOnlyForDeploymentPostprocessing = 0;
		};
/* End PBXResourcesBuildPhase section */

/* Begin PBXSourcesBuildPhase section */
		98B9DF78291BEC2D00FE62EA /* Sources */ = {
			isa = PBXSourcesBuildPhase;
			buildActionMask = 2147483647;
			files = (
				98B9DF84291BEC2D00FE62EA /* ViewController.swift in Sources */,
				98B3C34B291D0F10004EEB14 /* SecondOnboardingViewController.swift in Sources */,
				98B9DF80291BEC2D00FE62EA /* AppDelegate.swift in Sources */,
				98C2E78E2925BDF2003D43AF /* BirthViewController.swift in Sources */,
				98DD413129BC8ED500D7D78A /* PhoneNumberViewController.swift in Sources */,
				98F69703291E339C00577FCE /* UIButton+Extension.swift in Sources */,
				982E9AF0293208C50074331E /* APIService.swift in Sources */,
				98B3C347291CCE3E004EEB14 /* IntroPageViewController.swift in Sources */,
				98C2E7962925BE1B003D43AF /* GenderViewController.swift in Sources */,
				98C2E7882925BAFA003D43AF /* NicknameView.swift in Sources */,
				98B3C353291D2955004EEB14 /* MainOnboardingViewController.swift in Sources */,
				989EADA229BAFDE600068F1F /* NicknameViewModel.swift in Sources */,
				98C2E78C2925BDE8003D43AF /* BirthView.swift in Sources */,
				98B3C355291D2964004EEB14 /* MainOnboardingView.swift in Sources */,
				98471DD529C0460800935C55 /* FirebaseRequest.swift in Sources */,
				9808D3EE29B4C2B900CFB19A /* PhoneNumberViewModel.swift in Sources */,
				98BD2DF629C19DE000503DE5 /* Methods.swift in Sources */,
				98B3C349291D0B78004EEB14 /* IntroPageView.swift in Sources */,
				98B3C324291C8832004EEB14 /* FirstOnboardingViewController.swift in Sources */,
				98C2E7902925BDFE003D43AF /* EmailView.swift in Sources */,
				98F69705291E718400577FCE /* LargeButton.swift in Sources */,
				989EADA829BAFE0E00068F1F /* BirthViewModel.swift in Sources */,
				98B9DF82291BEC2D00FE62EA /* SceneDelegate.swift in Sources */,
				986867D829BF5AC2002424FC /* String+Extension.swift in Sources */,
				98CC093029B9A50A00CCD24F /* SLPViewController.swift in Sources */,
				989EADA629BAFE0000068F1F /* GenderViewModel.swift in Sources */,
				98C2E7942925BE11003D43AF /* GenderView.swift in Sources */,
				98CC093329B9A6D300CCD24F /* Enum.swift in Sources */,
				9808D3F829B4E32A00CFB19A /* Sample.swift in Sources */,
				982E9AF2293208DB0074331E /* EndPoint.swift in Sources */,
				98F696FF291DDEC500577FCE /* SignUpLabel.swift in Sources */,
				98C2E79A2925C11A003D43AF /* UILabel+Extension.swift in Sources */,
				98F696FD291DD39100577FCE /* OnboardingLabel.swift in Sources */,
				98B3C34D291D0F26004EEB14 /* ThirdOnboardingViewController.swift in Sources */,
				989EADA029BAFDC000068F1F /* CertificationViewModel.swift in Sources */,
				98410E4529B9B1D1001DECC4 /* CustomTextField.swift in Sources */,
				98B3C32C291C88D7004EEB14 /* BaseViewController.swift in Sources */,
				9808D3EC29B4BFAC00CFB19A /* Protocols.swift in Sources */,
				98DD413829BC8F6B00D7D78A /* CertificationView.swift in Sources */,
				98B3C351291D0F43004EEB14 /* SecondOnboardingView.swift in Sources */,
				98BD2DF929C1B03400503DE5 /* UserDefaultsHelper.swift in Sources */,
				982E9AF429320AE90074331E /* Codable.swift in Sources */,
				98DD413329BC8EDF00D7D78A /* CertificationViewController.swift in Sources */,
				9808D3F229B4C3ED00CFB19A /* Model.swift in Sources */,
				98B3C32E291C88E1004EEB14 /* BaseView.swift in Sources */,
				98F69707291E732100577FCE /* UITextField+Extension.swift in Sources */,
				98DD413629BC8F6300D7D78A /* PhoneNumberView.swift in Sources */,
				98B3C329291C8892004EEB14 /* FirstOnboardingView.swift in Sources */,
				989EADA429BAFDF200068F1F /* EmailViewModel.swift in Sources */,
				98C2E7982925C084003D43AF /* SignUpSubLabel.swift in Sources */,
				98C2E78A2925BB05003D43AF /* NicknameViewController.swift in Sources */,
				98C2E7922925BE07003D43AF /* EmailViewController.swift in Sources */,
				98B3C34F291D0F38004EEB14 /* ThirdOnboardingView.swift in Sources */,
			);
			runOnlyForDeploymentPostprocessing = 0;
		};
/* End PBXSourcesBuildPhase section */

/* Begin PBXVariantGroup section */
		98B9DF85291BEC2D00FE62EA /* Main.storyboard */ = {
			isa = PBXVariantGroup;
			children = (
				98B9DF86291BEC2D00FE62EA /* Base */,
			);
			name = Main.storyboard;
			sourceTree = "<group>";
		};
		98B9DF8A291BEC2E00FE62EA /* LaunchScreen.storyboard */ = {
			isa = PBXVariantGroup;
			children = (
				98B9DF8B291BEC2E00FE62EA /* Base */,
			);
			name = LaunchScreen.storyboard;
			sourceTree = "<group>";
		};
/* End PBXVariantGroup section */

/* Begin XCBuildConfiguration section */
		98B9DF8E291BEC2E00FE62EA /* Debug */ = {
			isa = XCBuildConfiguration;
			buildSettings = {
				ALWAYS_SEARCH_USER_PATHS = NO;
				CLANG_ANALYZER_NONNULL = YES;
				CLANG_ANALYZER_NUMBER_OBJECT_CONVERSION = YES_AGGRESSIVE;
				CLANG_CXX_LANGUAGE_STANDARD = "gnu++17";
				CLANG_ENABLE_MODULES = YES;
				CLANG_ENABLE_OBJC_ARC = YES;
				CLANG_ENABLE_OBJC_WEAK = YES;
				CLANG_WARN_BLOCK_CAPTURE_AUTORELEASING = YES;
				CLANG_WARN_BOOL_CONVERSION = YES;
				CLANG_WARN_COMMA = YES;
				CLANG_WARN_CONSTANT_CONVERSION = YES;
				CLANG_WARN_DEPRECATED_OBJC_IMPLEMENTATIONS = YES;
				CLANG_WARN_DIRECT_OBJC_ISA_USAGE = YES_ERROR;
				CLANG_WARN_DOCUMENTATION_COMMENTS = YES;
				CLANG_WARN_EMPTY_BODY = YES;
				CLANG_WARN_ENUM_CONVERSION = YES;
				CLANG_WARN_INFINITE_RECURSION = YES;
				CLANG_WARN_INT_CONVERSION = YES;
				CLANG_WARN_NON_LITERAL_NULL_CONVERSION = YES;
				CLANG_WARN_OBJC_IMPLICIT_RETAIN_SELF = YES;
				CLANG_WARN_OBJC_LITERAL_CONVERSION = YES;
				CLANG_WARN_OBJC_ROOT_CLASS = YES_ERROR;
				CLANG_WARN_QUOTED_INCLUDE_IN_FRAMEWORK_HEADER = YES;
				CLANG_WARN_RANGE_LOOP_ANALYSIS = YES;
				CLANG_WARN_STRICT_PROTOTYPES = YES;
				CLANG_WARN_SUSPICIOUS_MOVE = YES;
				CLANG_WARN_UNGUARDED_AVAILABILITY = YES_AGGRESSIVE;
				CLANG_WARN_UNREACHABLE_CODE = YES;
				CLANG_WARN__DUPLICATE_METHOD_MATCH = YES;
				COPY_PHASE_STRIP = NO;
				DEBUG_INFORMATION_FORMAT = dwarf;
				ENABLE_STRICT_OBJC_MSGSEND = YES;
				ENABLE_TESTABILITY = YES;
				GCC_C_LANGUAGE_STANDARD = gnu11;
				GCC_DYNAMIC_NO_PIC = NO;
				GCC_NO_COMMON_BLOCKS = YES;
				GCC_OPTIMIZATION_LEVEL = 0;
				GCC_PREPROCESSOR_DEFINITIONS = (
					"DEBUG=1",
					"$(inherited)",
				);
				GCC_WARN_64_TO_32_BIT_CONVERSION = YES;
				GCC_WARN_ABOUT_RETURN_TYPE = YES_ERROR;
				GCC_WARN_UNDECLARED_SELECTOR = YES;
				GCC_WARN_UNINITIALIZED_AUTOS = YES_AGGRESSIVE;
				GCC_WARN_UNUSED_FUNCTION = YES;
				GCC_WARN_UNUSED_VARIABLE = YES;
				IPHONEOS_DEPLOYMENT_TARGET = 15.5;
				MTL_ENABLE_DEBUG_INFO = INCLUDE_SOURCE;
				MTL_FAST_MATH = YES;
				ONLY_ACTIVE_ARCH = YES;
				SDKROOT = iphoneos;
				SWIFT_ACTIVE_COMPILATION_CONDITIONS = DEBUG;
				SWIFT_OPTIMIZATION_LEVEL = "-Onone";
			};
			name = Debug;
		};
		98B9DF8F291BEC2E00FE62EA /* Release */ = {
			isa = XCBuildConfiguration;
			buildSettings = {
				ALWAYS_SEARCH_USER_PATHS = NO;
				CLANG_ANALYZER_NONNULL = YES;
				CLANG_ANALYZER_NUMBER_OBJECT_CONVERSION = YES_AGGRESSIVE;
				CLANG_CXX_LANGUAGE_STANDARD = "gnu++17";
				CLANG_ENABLE_MODULES = YES;
				CLANG_ENABLE_OBJC_ARC = YES;
				CLANG_ENABLE_OBJC_WEAK = YES;
				CLANG_WARN_BLOCK_CAPTURE_AUTORELEASING = YES;
				CLANG_WARN_BOOL_CONVERSION = YES;
				CLANG_WARN_COMMA = YES;
				CLANG_WARN_CONSTANT_CONVERSION = YES;
				CLANG_WARN_DEPRECATED_OBJC_IMPLEMENTATIONS = YES;
				CLANG_WARN_DIRECT_OBJC_ISA_USAGE = YES_ERROR;
				CLANG_WARN_DOCUMENTATION_COMMENTS = YES;
				CLANG_WARN_EMPTY_BODY = YES;
				CLANG_WARN_ENUM_CONVERSION = YES;
				CLANG_WARN_INFINITE_RECURSION = YES;
				CLANG_WARN_INT_CONVERSION = YES;
				CLANG_WARN_NON_LITERAL_NULL_CONVERSION = YES;
				CLANG_WARN_OBJC_IMPLICIT_RETAIN_SELF = YES;
				CLANG_WARN_OBJC_LITERAL_CONVERSION = YES;
				CLANG_WARN_OBJC_ROOT_CLASS = YES_ERROR;
				CLANG_WARN_QUOTED_INCLUDE_IN_FRAMEWORK_HEADER = YES;
				CLANG_WARN_RANGE_LOOP_ANALYSIS = YES;
				CLANG_WARN_STRICT_PROTOTYPES = YES;
				CLANG_WARN_SUSPICIOUS_MOVE = YES;
				CLANG_WARN_UNGUARDED_AVAILABILITY = YES_AGGRESSIVE;
				CLANG_WARN_UNREACHABLE_CODE = YES;
				CLANG_WARN__DUPLICATE_METHOD_MATCH = YES;
				COPY_PHASE_STRIP = NO;
				DEBUG_INFORMATION_FORMAT = "dwarf-with-dsym";
				ENABLE_NS_ASSERTIONS = NO;
				ENABLE_STRICT_OBJC_MSGSEND = YES;
				GCC_C_LANGUAGE_STANDARD = gnu11;
				GCC_NO_COMMON_BLOCKS = YES;
				GCC_WARN_64_TO_32_BIT_CONVERSION = YES;
				GCC_WARN_ABOUT_RETURN_TYPE = YES_ERROR;
				GCC_WARN_UNDECLARED_SELECTOR = YES;
				GCC_WARN_UNINITIALIZED_AUTOS = YES_AGGRESSIVE;
				GCC_WARN_UNUSED_FUNCTION = YES;
				GCC_WARN_UNUSED_VARIABLE = YES;
				IPHONEOS_DEPLOYMENT_TARGET = 15.5;
				MTL_ENABLE_DEBUG_INFO = NO;
				MTL_FAST_MATH = YES;
				SDKROOT = iphoneos;
				SWIFT_COMPILATION_MODE = wholemodule;
				SWIFT_OPTIMIZATION_LEVEL = "-O";
				VALIDATE_PRODUCT = YES;
			};
			name = Release;
		};
		98B9DF91291BEC2E00FE62EA /* Debug */ = {
			isa = XCBuildConfiguration;
			buildSettings = {
				ASSETCATALOG_COMPILER_APPICON_NAME = AppIcon;
				ASSETCATALOG_COMPILER_GLOBAL_ACCENT_COLOR_NAME = AccentColor;
				CODE_SIGN_ENTITLEMENTS = "SLP_Study Mates Finder/SLP_Study Mates Finder.entitlements";
				CODE_SIGN_IDENTITY = "Apple Development";
				CODE_SIGN_STYLE = Automatic;
				CURRENT_PROJECT_VERSION = 1;
				DEVELOPMENT_TEAM = VSHQ8JA888;
				GENERATE_INFOPLIST_FILE = YES;
				INFOPLIST_FILE = "SLP_Study Mates Finder/Defaults/Info.plist";
				INFOPLIST_KEY_UIApplicationSupportsIndirectInputEvents = YES;
				INFOPLIST_KEY_UILaunchStoryboardName = LaunchScreen;
				INFOPLIST_KEY_UIMainStoryboardFile = Main;
				INFOPLIST_KEY_UISupportedInterfaceOrientations_iPad = "UIInterfaceOrientationPortrait UIInterfaceOrientationPortraitUpsideDown UIInterfaceOrientationLandscapeLeft UIInterfaceOrientationLandscapeRight";
				INFOPLIST_KEY_UISupportedInterfaceOrientations_iPhone = "UIInterfaceOrientationPortrait UIInterfaceOrientationLandscapeLeft UIInterfaceOrientationLandscapeRight";
				IPHONEOS_DEPLOYMENT_TARGET = 16.1;
				LD_RUNPATH_SEARCH_PATHS = (
					"$(inherited)",
					"@executable_path/Frameworks",
				);
				MARKETING_VERSION = 1.0;
				PRODUCT_BUNDLE_IDENTIFIER = "com.taehwan.SLP-Study-Mates-Finder";
				PRODUCT_NAME = "$(TARGET_NAME)";
				PROVISIONING_PROFILE_SPECIFIER = "";
				SWIFT_EMIT_LOC_STRINGS = YES;
				SWIFT_VERSION = 5.0;
				TARGETED_DEVICE_FAMILY = "1,2";
			};
			name = Debug;
		};
		98B9DF92291BEC2E00FE62EA /* Release */ = {
			isa = XCBuildConfiguration;
			buildSettings = {
				ASSETCATALOG_COMPILER_APPICON_NAME = AppIcon;
				ASSETCATALOG_COMPILER_GLOBAL_ACCENT_COLOR_NAME = AccentColor;
				CODE_SIGN_ENTITLEMENTS = "SLP_Study Mates Finder/SLP_Study Mates Finder.entitlements";
				CODE_SIGN_IDENTITY = "Apple Development";
				CODE_SIGN_STYLE = Automatic;
				CURRENT_PROJECT_VERSION = 1;
				DEVELOPMENT_TEAM = VSHQ8JA888;
				GENERATE_INFOPLIST_FILE = YES;
				INFOPLIST_FILE = "SLP_Study Mates Finder/Defaults/Info.plist";
				INFOPLIST_KEY_UIApplicationSupportsIndirectInputEvents = YES;
				INFOPLIST_KEY_UILaunchStoryboardName = LaunchScreen;
				INFOPLIST_KEY_UIMainStoryboardFile = Main;
				INFOPLIST_KEY_UISupportedInterfaceOrientations_iPad = "UIInterfaceOrientationPortrait UIInterfaceOrientationPortraitUpsideDown UIInterfaceOrientationLandscapeLeft UIInterfaceOrientationLandscapeRight";
				INFOPLIST_KEY_UISupportedInterfaceOrientations_iPhone = "UIInterfaceOrientationPortrait UIInterfaceOrientationLandscapeLeft UIInterfaceOrientationLandscapeRight";
				IPHONEOS_DEPLOYMENT_TARGET = 16.1;
				LD_RUNPATH_SEARCH_PATHS = (
					"$(inherited)",
					"@executable_path/Frameworks",
				);
				MARKETING_VERSION = 1.0;
				PRODUCT_BUNDLE_IDENTIFIER = "com.taehwan.SLP-Study-Mates-Finder";
				PRODUCT_NAME = "$(TARGET_NAME)";
				PROVISIONING_PROFILE_SPECIFIER = "";
				SWIFT_EMIT_LOC_STRINGS = YES;
				SWIFT_VERSION = 5.0;
				TARGETED_DEVICE_FAMILY = "1,2";
			};
			name = Release;
		};
/* End XCBuildConfiguration section */

/* Begin XCConfigurationList section */
		98B9DF77291BEC2D00FE62EA /* Build configuration list for PBXProject "SLP_Study Mates Finder" */ = {
			isa = XCConfigurationList;
			buildConfigurations = (
				98B9DF8E291BEC2E00FE62EA /* Debug */,
				98B9DF8F291BEC2E00FE62EA /* Release */,
			);
			defaultConfigurationIsVisible = 0;
			defaultConfigurationName = Release;
		};
		98B9DF90291BEC2E00FE62EA /* Build configuration list for PBXNativeTarget "SLP_Study Mates Finder" */ = {
			isa = XCConfigurationList;
			buildConfigurations = (
				98B9DF91291BEC2E00FE62EA /* Debug */,
				98B9DF92291BEC2E00FE62EA /* Release */,
			);
			defaultConfigurationIsVisible = 0;
			defaultConfigurationName = Release;
		};
/* End XCConfigurationList section */

/* Begin XCRemoteSwiftPackageReference section */
		9826BA8C291F9E0F006206F4 /* XCRemoteSwiftPackageReference "RxSwift" */ = {
			isa = XCRemoteSwiftPackageReference;
			repositoryURL = "https://github.com/ReactiveX/RxSwift.git";
			requirement = {
				kind = upToNextMajorVersion;
				minimumVersion = 6.0.0;
			};
		};
		98B3C30E291C7566004EEB14 /* XCRemoteSwiftPackageReference "firebase-ios-sdk" */ = {
			isa = XCRemoteSwiftPackageReference;
			repositoryURL = "https://github.com/firebase/firebase-ios-sdk";
			requirement = {
				kind = upToNextMajorVersion;
				minimumVersion = 9.0.0;
			};
		};
		98B3C33D291C8BA1004EEB14 /* XCRemoteSwiftPackageReference "SnapKit" */ = {
			isa = XCRemoteSwiftPackageReference;
			repositoryURL = "https://github.com/SnapKit/SnapKit.git";
			requirement = {
				kind = upToNextMajorVersion;
				minimumVersion = 5.0.0;
			};
		};
		98B3C340291C8BD4004EEB14 /* XCRemoteSwiftPackageReference "Alamofire" */ = {
			isa = XCRemoteSwiftPackageReference;
			repositoryURL = "https://github.com/Alamofire/Alamofire.git";
			requirement = {
				kind = upToNextMajorVersion;
				minimumVersion = 5.0.0;
			};
		};
		98B3C343291C8C06004EEB14 /* XCRemoteSwiftPackageReference "Toast-Swift" */ = {
			isa = XCRemoteSwiftPackageReference;
			repositoryURL = "https://github.com/scalessec/Toast-Swift.git";
			requirement = {
				kind = upToNextMajorVersion;
				minimumVersion = 5.0.0;
			};
		};
/* End XCRemoteSwiftPackageReference section */

/* Begin XCSwiftPackageProductDependency section */
		9826BA8D291F9E10006206F4 /* RxCocoa */ = {
			isa = XCSwiftPackageProductDependency;
			package = 9826BA8C291F9E0F006206F4 /* XCRemoteSwiftPackageReference "RxSwift" */;
			productName = RxCocoa;
		};
		9826BA8F291F9E10006206F4 /* RxRelay */ = {
			isa = XCSwiftPackageProductDependency;
			package = 9826BA8C291F9E0F006206F4 /* XCRemoteSwiftPackageReference "RxSwift" */;
			productName = RxRelay;
		};
		9826BA91291F9E10006206F4 /* RxSwift */ = {
			isa = XCSwiftPackageProductDependency;
			package = 9826BA8C291F9E0F006206F4 /* XCRemoteSwiftPackageReference "RxSwift" */;
			productName = RxSwift;
		};
		98B3C30F291C7566004EEB14 /* FirebaseAnalyticsWithoutAdIdSupport */ = {
			isa = XCSwiftPackageProductDependency;
			package = 98B3C30E291C7566004EEB14 /* XCRemoteSwiftPackageReference "firebase-ios-sdk" */;
			productName = FirebaseAnalyticsWithoutAdIdSupport;
		};
		98B3C311291C7566004EEB14 /* FirebaseAuth */ = {
			isa = XCSwiftPackageProductDependency;
			package = 98B3C30E291C7566004EEB14 /* XCRemoteSwiftPackageReference "firebase-ios-sdk" */;
			productName = FirebaseAuth;
		};
		98B3C313291C7566004EEB14 /* FirebaseCrashlytics */ = {
			isa = XCSwiftPackageProductDependency;
			package = 98B3C30E291C7566004EEB14 /* XCRemoteSwiftPackageReference "firebase-ios-sdk" */;
			productName = FirebaseCrashlytics;
		};
		98B3C315291C7566004EEB14 /* FirebaseMessaging */ = {
			isa = XCSwiftPackageProductDependency;
			package = 98B3C30E291C7566004EEB14 /* XCRemoteSwiftPackageReference "firebase-ios-sdk" */;
			productName = FirebaseMessaging;
		};
		98B3C33E291C8BA1004EEB14 /* SnapKit */ = {
			isa = XCSwiftPackageProductDependency;
			package = 98B3C33D291C8BA1004EEB14 /* XCRemoteSwiftPackageReference "SnapKit" */;
			productName = SnapKit;
		};
		98B3C341291C8BD4004EEB14 /* Alamofire */ = {
			isa = XCSwiftPackageProductDependency;
			package = 98B3C340291C8BD4004EEB14 /* XCRemoteSwiftPackageReference "Alamofire" */;
			productName = Alamofire;
		};
		98B3C344291C8C06004EEB14 /* Toast */ = {
			isa = XCSwiftPackageProductDependency;
			package = 98B3C343291C8C06004EEB14 /* XCRemoteSwiftPackageReference "Toast-Swift" */;
			productName = Toast;
		};
/* End XCSwiftPackageProductDependency section */
	};
	rootObject = 98B9DF74291BEC2D00FE62EA /* Project object */;
}
